// !$*UTF8*$!
{
	archiveVersion = 1;
	classes = {
	};
	objectVersion = 50;
	objects = {

/* Begin PBXBuildFile section */
		E621C3462589A5FE00878BA8 /* MySwiftUIApp.swift in Sources */ = {isa = PBXBuildFile; fileRef = E621C3332589A5FA00878BA8 /* MySwiftUIApp.swift */; };
		E621C3472589A5FE00878BA8 /* MySwiftUIApp.swift in Sources */ = {isa = PBXBuildFile; fileRef = E621C3332589A5FA00878BA8 /* MySwiftUIApp.swift */; };
		E621C3482589A5FE00878BA8 /* ContentView.swift in Sources */ = {isa = PBXBuildFile; fileRef = E621C3342589A5FA00878BA8 /* ContentView.swift */; };
		E621C3492589A5FE00878BA8 /* ContentView.swift in Sources */ = {isa = PBXBuildFile; fileRef = E621C3342589A5FA00878BA8 /* ContentView.swift */; };
		E621C34A2589A5FE00878BA8 /* Assets.xcassets in Resources */ = {isa = PBXBuildFile; fileRef = E621C3352589A5FE00878BA8 /* Assets.xcassets */; };
		E621C34B2589A5FE00878BA8 /* Assets.xcassets in Resources */ = {isa = PBXBuildFile; fileRef = E621C3352589A5FE00878BA8 /* Assets.xcassets */; };
		E653AB53258A07EB003674C8 /* RoundedButton.swift in Sources */ = {isa = PBXBuildFile; fileRef = E653AB52258A07EB003674C8 /* RoundedButton.swift */; };
		E653AB54258A07EB003674C8 /* RoundedButton.swift in Sources */ = {isa = PBXBuildFile; fileRef = E653AB52258A07EB003674C8 /* RoundedButton.swift */; };
		E67C988D259300CC005D1EBA /* ItemDetail.swift in Sources */ = {isa = PBXBuildFile; fileRef = E67C988C259300CC005D1EBA /* ItemDetail.swift */; };
		E67C988E259300CC005D1EBA /* ItemDetail.swift in Sources */ = {isa = PBXBuildFile; fileRef = E67C988C259300CC005D1EBA /* ItemDetail.swift */; };
/* End PBXBuildFile section */

/* Begin PBXFileReference section */
		E621C3332589A5FA00878BA8 /* MySwiftUIApp.swift */ = {isa = PBXFileReference; lastKnownFileType = sourcecode.swift; path = MySwiftUIApp.swift; sourceTree = "<group>"; };
		E621C3342589A5FA00878BA8 /* ContentView.swift */ = {isa = PBXFileReference; lastKnownFileType = sourcecode.swift; path = ContentView.swift; sourceTree = "<group>"; };
		E621C3352589A5FE00878BA8 /* Assets.xcassets */ = {isa = PBXFileReference; lastKnownFileType = folder.assetcatalog; path = Assets.xcassets; sourceTree = "<group>"; };
		E621C33A2589A5FE00878BA8 /* MySwiftUI.app */ = {isa = PBXFileReference; explicitFileType = wrapper.application; includeInIndex = 0; path = MySwiftUI.app; sourceTree = BUILT_PRODUCTS_DIR; };
		E621C33D2589A5FE00878BA8 /* Info.plist */ = {isa = PBXFileReference; lastKnownFileType = text.plist.xml; path = Info.plist; sourceTree = "<group>"; };
		E621C3422589A5FE00878BA8 /* MySwiftUI.app */ = {isa = PBXFileReference; explicitFileType = wrapper.application; includeInIndex = 0; path = MySwiftUI.app; sourceTree = BUILT_PRODUCTS_DIR; };
		E621C3442589A5FE00878BA8 /* Info.plist */ = {isa = PBXFileReference; lastKnownFileType = text.plist.xml; path = Info.plist; sourceTree = "<group>"; };
		E621C3452589A5FE00878BA8 /* macOS.entitlements */ = {isa = PBXFileReference; lastKnownFileType = text.plist.entitlements; path = macOS.entitlements; sourceTree = "<group>"; };
		E653AB52258A07EB003674C8 /* RoundedButton.swift */ = {isa = PBXFileReference; lastKnownFileType = sourcecode.swift; path = RoundedButton.swift; sourceTree = "<group>"; };
		E67C988C259300CC005D1EBA /* ItemDetail.swift */ = {isa = PBXFileReference; lastKnownFileType = sourcecode.swift; path = ItemDetail.swift; sourceTree = "<group>"; };
/* End PBXFileReference section */

/* Begin PBXFrameworksBuildPhase section */
		E621C3372589A5FE00878BA8 /* Frameworks */ = {
			isa = PBXFrameworksBuildPhase;
			buildActionMask = 2147483647;
			files = (
			);
			runOnlyForDeploymentPostprocessing = 0;
		};
		E621C33F2589A5FE00878BA8 /* Frameworks */ = {
			isa = PBXFrameworksBuildPhase;
			buildActionMask = 2147483647;
			files = (
			);
			runOnlyForDeploymentPostprocessing = 0;
		};
/* End PBXFrameworksBuildPhase section */

/* Begin PBXGroup section */
		E621C32D2589A5FA00878BA8 = {
			isa = PBXGroup;
			children = (
				E621C3322589A5FA00878BA8 /* Shared */,
				E621C33C2589A5FE00878BA8 /* iOS */,
				E621C3432589A5FE00878BA8 /* macOS */,
				E621C33B2589A5FE00878BA8 /* Products */,
			);
			sourceTree = "<group>";
		};
		E621C3322589A5FA00878BA8 /* Shared */ = {
			isa = PBXGroup;
			children = (
				E621C3332589A5FA00878BA8 /* MySwiftUIApp.swift */,
				E621C3342589A5FA00878BA8 /* ContentView.swift */,
				E621C3352589A5FE00878BA8 /* Assets.xcassets */,
				E653AB52258A07EB003674C8 /* RoundedButton.swift */,
				E67C988C259300CC005D1EBA /* ItemDetail.swift */,
			);
			path = Shared;
			sourceTree = "<group>";
		};
		E621C33B2589A5FE00878BA8 /* Products */ = {
			isa = PBXGroup;
			children = (
				E621C33A2589A5FE00878BA8 /* MySwiftUI.app */,
				E621C3422589A5FE00878BA8 /* MySwiftUI.app */,
			);
			name = Products;
			sourceTree = "<group>";
		};
		E621C33C2589A5FE00878BA8 /* iOS */ = {
			isa = PBXGroup;
			children = (
				E621C33D2589A5FE00878BA8 /* Info.plist */,
			);
			path = iOS;
			sourceTree = "<group>";
		};
		E621C3432589A5FE00878BA8 /* macOS */ = {
			isa = PBXGroup;
			children = (
				E621C3442589A5FE00878BA8 /* Info.plist */,
				E621C3452589A5FE00878BA8 /* macOS.entitlements */,
			);
			path = macOS;
			sourceTree = "<group>";
		};
/* End PBXGroup section */

/* Begin PBXNativeTarget section */
		E621C3392589A5FE00878BA8 /* MySwiftUI (iOS) */ = {
			isa = PBXNativeTarget;
			buildConfigurationList = E621C34E2589A5FE00878BA8 /* Build configuration list for PBXNativeTarget "MySwiftUI (iOS)" */;
			buildPhases = (
				E621C3362589A5FE00878BA8 /* Sources */,
				E621C3372589A5FE00878BA8 /* Frameworks */,
				E621C3382589A5FE00878BA8 /* Resources */,
			);
			buildRules = (
			);
			dependencies = (
			);
			name = "MySwiftUI (iOS)";
			productName = "MySwiftUI (iOS)";
			productReference = E621C33A2589A5FE00878BA8 /* MySwiftUI.app */;
			productType = "com.apple.product-type.application";
		};
		E621C3412589A5FE00878BA8 /* MySwiftUI (macOS) */ = {
			isa = PBXNativeTarget;
			buildConfigurationList = E621C3512589A5FE00878BA8 /* Build configuration list for PBXNativeTarget "MySwiftUI (macOS)" */;
			buildPhases = (
				E621C33E2589A5FE00878BA8 /* Sources */,
				E621C33F2589A5FE00878BA8 /* Frameworks */,
				E621C3402589A5FE00878BA8 /* Resources */,
			);
			buildRules = (
			);
			dependencies = (
			);
			name = "MySwiftUI (macOS)";
			productName = "MySwiftUI (macOS)";
			productReference = E621C3422589A5FE00878BA8 /* MySwiftUI.app */;
			productType = "com.apple.product-type.application";
		};
/* End PBXNativeTarget section */

/* Begin PBXProject section */
		E621C32E2589A5FA00878BA8 /* Project object */ = {
			isa = PBXProject;
			attributes = {
				LastSwiftUpdateCheck = 1220;
				LastUpgradeCheck = 1220;
				TargetAttributes = {
					E621C3392589A5FE00878BA8 = {
						CreatedOnToolsVersion = 12.2;
					};
					E621C3412589A5FE00878BA8 = {
						CreatedOnToolsVersion = 12.2;
					};
				};
			};
			buildConfigurationList = E621C3312589A5FA00878BA8 /* Build configuration list for PBXProject "MySwiftUI" */;
			compatibilityVersion = "Xcode 9.3";
			developmentRegion = en;
			hasScannedForEncodings = 0;
			knownRegions = (
				en,
				Base,
			);
			mainGroup = E621C32D2589A5FA00878BA8;
			productRefGroup = E621C33B2589A5FE00878BA8 /* Products */;
			projectDirPath = "";
			projectRoot = "";
			targets = (
				E621C3392589A5FE00878BA8 /* MySwiftUI (iOS) */,
				E621C3412589A5FE00878BA8 /* MySwiftUI (macOS) */,
			);
		};
/* End PBXProject section */

/* Begin PBXResourcesBuildPhase section */
		E621C3382589A5FE00878BA8 /* Resources */ = {
			isa = PBXResourcesBuildPhase;
			buildActionMask = 2147483647;
			files = (
				E621C34A2589A5FE00878BA8 /* Assets.xcassets in Resources */,
			);
			runOnlyForDeploymentPostprocessing = 0;
		};
		E621C3402589A5FE00878BA8 /* Resources */ = {
			isa = PBXResourcesBuildPhase;
			buildActionMask = 2147483647;
			files = (
				E621C34B2589A5FE00878BA8 /* Assets.xcassets in Resources */,
			);
			runOnlyForDeploymentPostprocessing = 0;
		};
/* End PBXResourcesBuildPhase section */

/* Begin PBXSourcesBuildPhase section */
		E621C3362589A5FE00878BA8 /* Sources */ = {
			isa = PBXSourcesBuildPhase;
			buildActionMask = 2147483647;
			files = (
				E621C3482589A5FE00878BA8 /* ContentView.swift in Sources */,
				E67C988D259300CC005D1EBA /* ItemDetail.swift in Sources */,
				E653AB53258A07EB003674C8 /* RoundedButton.swift in Sources */,
				E621C3462589A5FE00878BA8 /* MySwiftUIApp.swift in Sources */,
			);
			runOnlyForDeploymentPostprocessing = 0;
		};
		E621C33E2589A5FE00878BA8 /* Sources */ = {
			isa = PBXSourcesBuildPhase;
			buildActionMask = 2147483647;
			files = (
				E621C3492589A5FE00878BA8 /* ContentView.swift in Sources */,
				E67C988E259300CC005D1EBA /* ItemDetail.swift in Sources */,
				E653AB54258A07EB003674C8 /* RoundedButton.swift in Sources */,
				E621C3472589A5FE00878BA8 /* MySwiftUIApp.swift in Sources */,
			);
			runOnlyForDeploymentPostprocessing = 0;
		};
/* End PBXSourcesBuildPhase section */

/* Begin XCBuildConfiguration section */
		E621C34C2589A5FE00878BA8 /* Debug */ = {
			isa = XCBuildConfiguration;
			buildSettings = {
				ALWAYS_SEARCH_USER_PATHS = NO;
				CLANG_ANALYZER_NONNULL = YES;
				CLANG_ANALYZER_NUMBER_OBJECT_CONVERSION = YES_AGGRESSIVE;
				CLANG_CXX_LANGUAGE_STANDARD = "gnu++14";
				CLANG_CXX_LIBRARY = "libc++";
				CLANG_ENABLE_MODULES = YES;
				CLANG_ENABLE_OBJC_ARC = YES;
				CLANG_ENABLE_OBJC_WEAK = YES;
				CLANG_WARN_BLOCK_CAPTURE_AUTORELEASING = YES;
				CLANG_WARN_BOOL_CONVERSION = YES;
				CLANG_WARN_COMMA = YES;
				CLANG_WARN_CONSTANT_CONVERSION = YES;
				CLANG_WARN_DEPRECATED_OBJC_IMPLEMENTATIONS = YES;
				CLANG_WARN_DIRECT_OBJC_ISA_USAGE = YES_ERROR;
				CLANG_WARN_DOCUMENTATION_COMMENTS = YES;
				CLANG_WARN_EMPTY_BODY = YES;
				CLANG_WARN_ENUM_CONVERSION = YES;
				CLANG_WARN_INFINITE_RECURSION = YES;
				CLANG_WARN_INT_CONVERSION = YES;
				CLANG_WARN_NON_LITERAL_NULL_CONVERSION = YES;
				CLANG_WARN_OBJC_IMPLICIT_RETAIN_SELF = YES;
				CLANG_WARN_OBJC_LITERAL_CONVERSION = YES;
				CLANG_WARN_OBJC_ROOT_CLASS = YES_ERROR;
				CLANG_WARN_QUOTED_INCLUDE_IN_FRAMEWORK_HEADER = YES;
				CLANG_WARN_RANGE_LOOP_ANALYSIS = YES;
				CLANG_WARN_STRICT_PROTOTYPES = YES;
				CLANG_WARN_SUSPICIOUS_MOVE = YES;
				CLANG_WARN_UNGUARDED_AVAILABILITY = YES_AGGRESSIVE;
				CLANG_WARN_UNREACHABLE_CODE = YES;
				CLANG_WARN__DUPLICATE_METHOD_MATCH = YES;
				COPY_PHASE_STRIP = NO;
				DEBUG_INFORMATION_FORMAT = dwarf;
				ENABLE_STRICT_OBJC_MSGSEND = YES;
				ENABLE_TESTABILITY = YES;
				GCC_C_LANGUAGE_STANDARD = gnu11;
				GCC_DYNAMIC_NO_PIC = NO;
				GCC_NO_COMMON_BLOCKS = YES;
				GCC_OPTIMIZATION_LEVEL = 0;
				GCC_PREPROCESSOR_DEFINITIONS = (
					"DEBUG=1",
					"$(inherited)",
				);
				GCC_WARN_64_TO_32_BIT_CONVERSION = YES;
				GCC_WARN_ABOUT_RETURN_TYPE = YES_ERROR;
				GCC_WARN_UNDECLARED_SELECTOR = YES;
				GCC_WARN_UNINITIALIZED_AUTOS = YES_AGGRESSIVE;
				GCC_WARN_UNUSED_FUNCTION = YES;
				GCC_WARN_UNUSED_VARIABLE = YES;
				MTL_ENABLE_DEBUG_INFO = INCLUDE_SOURCE;
				MTL_FAST_MATH = YES;
				ONLY_ACTIVE_ARCH = YES;
				SWIFT_ACTIVE_COMPILATION_CONDITIONS = DEBUG;
				SWIFT_OPTIMIZATION_LEVEL = "-Onone";
			};
			name = Debug;
		};
		E621C34D2589A5FE00878BA8 /* Release */ = {
			isa = XCBuildConfiguration;
			buildSettings = {
				ALWAYS_SEARCH_USER_PATHS = NO;
				CLANG_ANALYZER_NONNULL = YES;
				CLANG_ANALYZER_NUMBER_OBJECT_CONVERSION = YES_AGGRESSIVE;
				CLANG_CXX_LANGUAGE_STANDARD = "gnu++14";
				CLANG_CXX_LIBRARY = "libc++";
				CLANG_ENABLE_MODULES = YES;
				CLANG_ENABLE_OBJC_ARC = YES;
				CLANG_ENABLE_OBJC_WEAK = YES;
				CLANG_WARN_BLOCK_CAPTURE_AUTORELEASING = YES;
				CLANG_WARN_BOOL_CONVERSION = YES;
				CLANG_WARN_COMMA = YES;
				CLANG_WARN_CONSTANT_CONVERSION = YES;
				CLANG_WARN_DEPRECATED_OBJC_IMPLEMENTATIONS = YES;
				CLANG_WARN_DIRECT_OBJC_ISA_USAGE = YES_ERROR;
				CLANG_WARN_DOCUMENTATION_COMMENTS = YES;
				CLANG_WARN_EMPTY_BODY = YES;
				CLANG_WARN_ENUM_CONVERSION = YES;
				CLANG_WARN_INFINITE_RECURSION = YES;
				CLANG_WARN_INT_CONVERSION = YES;
				CLANG_WARN_NON_LITERAL_NULL_CONVERSION = YES;
				CLANG_WARN_OBJC_IMPLICIT_RETAIN_SELF = YES;
				CLANG_WARN_OBJC_LITERAL_CONVERSION = YES;
				CLANG_WARN_OBJC_ROOT_CLASS = YES_ERROR;
				CLANG_WARN_QUOTED_INCLUDE_IN_FRAMEWORK_HEADER = YES;
				CLANG_WARN_RANGE_LOOP_ANALYSIS = YES;
				CLANG_WARN_STRICT_PROTOTYPES = YES;
				CLANG_WARN_SUSPICIOUS_MOVE = YES;
				CLANG_WARN_UNGUARDED_AVAILABILITY = YES_AGGRESSIVE;
				CLANG_WARN_UNREACHABLE_CODE = YES;
				CLANG_WARN__DUPLICATE_METHOD_MATCH = YES;
				COPY_PHASE_STRIP = NO;
				DEBUG_INFORMATION_FORMAT = "dwarf-with-dsym";
				ENABLE_NS_ASSERTIONS = NO;
				ENABLE_STRICT_OBJC_MSGSEND = YES;
				GCC_C_LANGUAGE_STANDARD = gnu11;
				GCC_NO_COMMON_BLOCKS = YES;
				GCC_WARN_64_TO_32_BIT_CONVERSION = YES;
				GCC_WARN_ABOUT_RETURN_TYPE = YES_ERROR;
				GCC_WARN_UNDECLARED_SELECTOR = YES;
				GCC_WARN_UNINITIALIZED_AUTOS = YES_AGGRESSIVE;
				GCC_WARN_UNUSED_FUNCTION = YES;
				GCC_WARN_UNUSED_VARIABLE = YES;
				MTL_ENABLE_DEBUG_INFO = NO;
				MTL_FAST_MATH = YES;
				SWIFT_COMPILATION_MODE = wholemodule;
				SWIFT_OPTIMIZATION_LEVEL = "-O";
			};
			name = Release;
		};
		E621C34F2589A5FE00878BA8 /* Debug */ = {
			isa = XCBuildConfiguration;
			buildSettings = {
				ASSETCATALOG_COMPILER_APPICON_NAME = AppIcon;
				ASSETCATALOG_COMPILER_GLOBAL_ACCENT_COLOR_NAME = AccentColor;
				CODE_SIGN_STYLE = Automatic;
				DEVELOPMENT_TEAM = G5XRG6XD8F;
				ENABLE_PREVIEWS = YES;
				INFOPLIST_FILE = iOS/Info.plist;
				IPHONEOS_DEPLOYMENT_TARGET = 14.0;
				LD_RUNPATH_SEARCH_PATHS = (
					"$(inherited)",
					"@executable_path/Frameworks",
				);
				PRODUCT_BUNDLE_IDENTIFIER = com.anhlh.MySwiftUI;
				PRODUCT_NAME = MySwiftUI;
				SDKROOT = iphoneos;
				SWIFT_VERSION = 5.0;
				TARGETED_DEVICE_FAMILY = "1,2";
			};
			name = Debug;
		};
		E621C3502589A5FE00878BA8 /* Release */ = {
			isa = XCBuildConfiguration;
			buildSettings = {
				ASSETCATALOG_COMPILER_APPICON_NAME = AppIcon;
				ASSETCATALOG_COMPILER_GLOBAL_ACCENT_COLOR_NAME = AccentColor;
				CODE_SIGN_STYLE = Automatic;
				DEVELOPMENT_TEAM = G5XRG6XD8F;
				ENABLE_PREVIEWS = YES;
				INFOPLIST_FILE = iOS/Info.plist;
				IPHONEOS_DEPLOYMENT_TARGET = 14.0;
				LD_RUNPATH_SEARCH_PATHS = (
					"$(inherited)",
					"@executable_path/Frameworks",
				);
				PRODUCT_BUNDLE_IDENTIFIER = com.anhlh.MySwiftUI;
				PRODUCT_NAME = MySwiftUI;
				SDKROOT = iphoneos;
				SWIFT_VERSION = 5.0;
				TARGETED_DEVICE_FAMILY = "1,2";
				VALIDATE_PRODUCT = YES;
			};
			name = Release;
		};
		E621C3522589A5FE00878BA8 /* Debug */ = {
			isa = XCBuildConfiguration;
			buildSettings = {
				ASSETCATALOG_COMPILER_APPICON_NAME = AppIcon;
				ASSETCATALOG_COMPILER_GLOBAL_ACCENT_COLOR_NAME = AccentColor;
				CODE_SIGN_ENTITLEMENTS = macOS/macOS.entitlements;
				CODE_SIGN_STYLE = Automatic;
				COMBINE_HIDPI_IMAGES = YES;
				DEVELOPMENT_TEAM = G5XRG6XD8F;
				ENABLE_HARDENED_RUNTIME = YES;
				ENABLE_PREVIEWS = YES;
				INFOPLIST_FILE = macOS/Info.plist;
				LD_RUNPATH_SEARCH_PATHS = (
					"$(inherited)",
					"@executable_path/../Frameworks",
				);
				MACOSX_DEPLOYMENT_TARGET = 11.0;
				PRODUCT_BUNDLE_IDENTIFIER = com.anhlh.MySwiftUI;
				PRODUCT_NAME = MySwiftUI;
				SDKROOT = macosx;
				SWIFT_VERSION = 5.0;
			};
			name = Debug;
		};
		E621C3532589A5FE00878BA8 /* Release */ = {
			isa = XCBuildConfiguration;
			buildSettings = {
				ASSETCATALOG_COMPILER_APPICON_NAME = AppIcon;
				ASSETCATALOG_COMPILER_GLOBAL_ACCENT_COLOR_NAME = AccentColor;
				CODE_SIGN_ENTITLEMENTS = macOS/macOS.entitlements;
				CODE_SIGN_STYLE = Automatic;
				COMBINE_HIDPI_IMAGES = YES;
				DEVELOPMENT_TEAM = G5XRG6XD8F;
				ENABLE_HARDENED_RUNTIME = YES;
				ENABLE_PREVIEWS = YES;
				INFOPLIST_FILE = macOS/Info.plist;
				LD_RUNPATH_SEARCH_PATHS = (
					"$(inherited)",
					"@executable_path/../Frameworks",
				);
				MACOSX_DEPLOYMENT_TARGET = 11.0;
				PRODUCT_BUNDLE_IDENTIFIER = com.anhlh.MySwiftUI;
				PRODUCT_NAME = MySwiftUI;
				SDKROOT = macosx;
				SWIFT_VERSION = 5.0;
			};
			name = Release;
		};
/* End XCBuildConfiguration section */

/* Begin XCConfigurationList section */
		E621C3312589A5FA00878BA8 /* Build configuration list for PBXProject "MySwiftUI" */ = {
			isa = XCConfigurationList;
			buildConfigurations = (
				E621C34C2589A5FE00878BA8 /* Debug */,
				E621C34D2589A5FE00878BA8 /* Release */,
			);
			defaultConfigurationIsVisible = 0;
			defaultConfigurationName = Release;
		};
		E621C34E2589A5FE00878BA8 /* Build configuration list for PBXNativeTarget "MySwiftUI (iOS)" */ = {
			isa = XCConfigurationList;
			buildConfigurations = (
				E621C34F2589A5FE00878BA8 /* Debug */,
				E621C3502589A5FE00878BA8 /* Release */,
			);
			defaultConfigurationIsVisible = 0;
			defaultConfigurationName = Release;
		};
		E621C3512589A5FE00878BA8 /* Build configuration list for PBXNativeTarget "MySwiftUI (macOS)" */ = {
			isa = XCConfigurationList;
			buildConfigurations = (
				E621C3522589A5FE00878BA8 /* Debug */,
				E621C3532589A5FE00878BA8 /* Release */,
			);
			defaultConfigurationIsVisible = 0;
			defaultConfigurationName = Release;
		};
/* End XCConfigurationList section */
	};
	rootObject = E621C32E2589A5FA00878BA8 /* Project object */;
}
